
Microsoft Visual Studio Solution File, Format Version 12.00
# Visual Studio 15
VisualStudioVersion = 15.0.27130.2010
MinimumVisualStudioVersion = 10.0.40219.1
Project("{FAE04EC0-301F-11D3-BF4B-00C04F79EFBC}") = "SampleWindowsForms", "SampleWindowsForms\SampleWindowsForms.csproj", "{387DD92D-5E55-4CA6-B472-34FA13B0A9B2}"
EndProject
Global
	GlobalSection(SolutionConfigurationPlatforms) = preSolution
		Debug|Any CPU = Debug|Any CPU
		Release|Any CPU = Release|Any CPU
	EndGlobalSection
	GlobalSection(ProjectConfigurationPlatforms) = postSolution
		{387DD92D-5E55-4CA6-B472-34FA13B0A9B2}.Debug|Any CPU.ActiveCfg = Debug|Any CPU
		{387DD92D-5E55-4CA6-B472-34FA13B0A9B2}.Debug|Any CPU.Build.0 = Debug|Any CPU
		{387DD92D-5E55-4CA6-B472-34FA13B0A9B2}.Release|Any CPU.ActiveCfg = Release|Any CPU
		{387DD92D-5E55-4CA6-B472-34FA13B0A9B2}.Release|Any CPU.Build.0 = Release|Any CPU
	EndGlobalSection
	GlobalSection(SolutionProperties) = preSolution
		HideSolutionNode = FALSE
	EndGlobalSection
	GlobalSection(ExtensibilityGlobals) = postSolution
		SolutionGuid = {C112E2CE-9BA9-4D8D-AD0E-192CAD4CF9AA}
	EndGlobalSection
EndGlobal
